
Microsoft Visual Studio Solution File, Format Version 12.00
Project("{FAE04EC0-301F-11D3-BF4B-00C04F79EFBC}") = "FFCG.Eventful.Pizza.Place.API", "FFCG.Eventful.Pizza.Place.API\FFCG.Eventful.Pizza.Place.API.csproj", "{7D356D12-B5C0-4FAA-BFA8-A17879B9BCFA}"
EndProject
Project("{2150E333-8FDC-42A3-9474-1A3956D46DE8}") = "Application", "Application", "{66E55B7C-E53B-4BD0-A15C-F40DFBD2CCBD}"
EndProject
Project("{2150E333-8FDC-42A3-9474-1A3956D46DE8}") = "Domain", "Domain", "{4493F087-57FA-4569-A449-320266C8ADAE}"
EndProject
Project("{2150E333-8FDC-42A3-9474-1A3956D46DE8}") = "Infrastructure", "Infrastructure", "{049C3D3F-36EE-4163-AEC7-4E0573885994}"
EndProject
Project("{2150E333-8FDC-42A3-9474-1A3956D46DE8}") = "API", "API", "{0AF9F8CE-2108-46E2-9F01-5F4036F9D82E}"
EndProject
Project("{FAE04EC0-301F-11D3-BF4B-00C04F79EFBC}") = "FFCG.Eventful.Pizza.Place.Domain", "FFCG.Eventful.Pizza.Place.Domain\FFCG.Eventful.Pizza.Place.Domain.csproj", "{E65D0670-078F-4943-B317-F77195CD99E7}"
EndProject
Project("{FAE04EC0-301F-11D3-BF4B-00C04F79EFBC}") = "FFCG.Eventful.Pizza.Place.Domain.Tests", "FFCG.Eventful.Pizza.Place.Domain.Tests\FFCG.Eventful.Pizza.Place.Domain.Tests.csproj", "{F4FC2954-8C01-44C2-AB1B-17F6742D953B}"
EndProject
Project("{2150E333-8FDC-42A3-9474-1A3956D46DE8}") = "Worker", "Worker", "{1A3B5188-CED3-4402-B26D-BB26446D0145}"
EndProject
Project("{FAE04EC0-301F-11D3-BF4B-00C04F79EFBC}") = "FFCG.Eventful.Pizza.Place.Worker", "FFCG.Eventful.Pizza.Place.Worker\FFCG.Eventful.Pizza.Place.Worker.csproj", "{A3444CBF-EF12-43B8-BEE9-5A02D3D43185}"
EndProject
Project("{FAE04EC0-301F-11D3-BF4B-00C04F79EFBC}") = "FFCG.Eventful.Pizza.Place.Worker.Tests", "FFCG.Eventful.Pizza.Place.Worker.Tests\FFCG.Eventful.Pizza.Place.Worker.Tests.csproj", "{724C0E2A-24EF-4F98-94DF-1FBECBBCCB90}"
EndProject
Project("{FAE04EC0-301F-11D3-BF4B-00C04F79EFBC}") = "FFCG.Eventful.Pizza.Place.Application.Tests", "FFCG.Eventful.Pizza.Place.Application.Tests\FFCG.Eventful.Pizza.Place.Application.Tests.csproj", "{86A16F72-6657-4F72-8417-5074705A6362}"
EndProject
Project("{FAE04EC0-301F-11D3-BF4B-00C04F79EFBC}") = "FFCG.Eventful.Pizza.Place.Application", "FFCG.Eventful.Pizza.Place.Application\FFCG.Eventful.Pizza.Place.Application.csproj", "{4C3A3861-1011-43C8-9491-3B458BB19B2B}"
EndProject
Project("{2150E333-8FDC-42A3-9474-1A3956D46DE8}") = "CI/CD", "CI/CD", "{990EBECB-10D0-447E-9921-2B909EF3E807}"
EndProject
Project("{FAE04EC0-301F-11D3-BF4B-00C04F79EFBC}") = "FFCG.Eventful.Pizza.Place.Cosmos", "FFCG.Eventful.Pizza.Place.Cosmos\FFCG.Eventful.Pizza.Place.Cosmos.csproj", "{DF38B5FC-1CE1-4C4E-B4F4-A1DA9567BC8C}"
EndProject
Project("{FAE04EC0-301F-11D3-BF4B-00C04F79EFBC}") = "FFCG.Eventful.Pizza.Place.Cosmos.Tests", "FFCG.Eventful.Pizza.Place.Cosmos.Tests\FFCG.Eventful.Pizza.Place.Cosmos.Tests.csproj", "{331A7860-B3BF-47BA-BB23-462204AA47E4}"
EndProject
Project("{FAE04EC0-301F-11D3-BF4B-00C04F79EFBC}") = "FFCG.Eventful.Pizza.Place.API.Tests", "FFCG.Eventful.Pizza.Place.API.Tests\FFCG.Eventful.Pizza.Place.API.Tests.csproj", "{B5DA38B9-6AC6-4597-BAED-749674A2ECC2}"
EndProject
Project("{FAE04EC0-301F-11D3-BF4B-00C04F79EFBC}") = "FFCG.Eventful.Pizza.Place.ServiceBus", "FFCG.Eventful.Pizza.Place.ServiceBus\FFCG.Eventful.Pizza.Place.ServiceBus.csproj", "{7268D976-2518-4FD6-BB44-6E65AA44E9EB}"
EndProject
Project("{FAE04EC0-301F-11D3-BF4B-00C04F79EFBC}") = "FFCG.Eventful.Pizza.Place.ServiceBus.Tests", "FFCG.Eventful.Pizza.Place.ServiceBus.Tests\FFCG.Eventful.Pizza.Place.ServiceBus.Tests.csproj", "{5C2F6273-105B-4098-ACB4-7E4B4B5BE13B}"
EndProject
Global
	GlobalSection(SolutionConfigurationPlatforms) = preSolution
		Debug|Any CPU = Debug|Any CPU
		Release|Any CPU = Release|Any CPU
	EndGlobalSection
	GlobalSection(ProjectConfigurationPlatforms) = postSolution
		{7D356D12-B5C0-4FAA-BFA8-A17879B9BCFA}.Debug|Any CPU.ActiveCfg = Debug|Any CPU
		{7D356D12-B5C0-4FAA-BFA8-A17879B9BCFA}.Debug|Any CPU.Build.0 = Debug|Any CPU
		{7D356D12-B5C0-4FAA-BFA8-A17879B9BCFA}.Release|Any CPU.ActiveCfg = Release|Any CPU
		{7D356D12-B5C0-4FAA-BFA8-A17879B9BCFA}.Release|Any CPU.Build.0 = Release|Any CPU
		{E65D0670-078F-4943-B317-F77195CD99E7}.Debug|Any CPU.ActiveCfg = Debug|Any CPU
		{E65D0670-078F-4943-B317-F77195CD99E7}.Debug|Any CPU.Build.0 = Debug|Any CPU
		{E65D0670-078F-4943-B317-F77195CD99E7}.Release|Any CPU.ActiveCfg = Release|Any CPU
		{E65D0670-078F-4943-B317-F77195CD99E7}.Release|Any CPU.Build.0 = Release|Any CPU
		{F4FC2954-8C01-44C2-AB1B-17F6742D953B}.Debug|Any CPU.ActiveCfg = Debug|Any CPU
		{F4FC2954-8C01-44C2-AB1B-17F6742D953B}.Debug|Any CPU.Build.0 = Debug|Any CPU
		{F4FC2954-8C01-44C2-AB1B-17F6742D953B}.Release|Any CPU.ActiveCfg = Release|Any CPU
		{F4FC2954-8C01-44C2-AB1B-17F6742D953B}.Release|Any CPU.Build.0 = Release|Any CPU
		{A3444CBF-EF12-43B8-BEE9-5A02D3D43185}.Debug|Any CPU.ActiveCfg = Debug|Any CPU
		{A3444CBF-EF12-43B8-BEE9-5A02D3D43185}.Debug|Any CPU.Build.0 = Debug|Any CPU
		{A3444CBF-EF12-43B8-BEE9-5A02D3D43185}.Release|Any CPU.ActiveCfg = Release|Any CPU
		{A3444CBF-EF12-43B8-BEE9-5A02D3D43185}.Release|Any CPU.Build.0 = Release|Any CPU
		{724C0E2A-24EF-4F98-94DF-1FBECBBCCB90}.Debug|Any CPU.ActiveCfg = Debug|Any CPU
		{724C0E2A-24EF-4F98-94DF-1FBECBBCCB90}.Debug|Any CPU.Build.0 = Debug|Any CPU
		{724C0E2A-24EF-4F98-94DF-1FBECBBCCB90}.Release|Any CPU.ActiveCfg = Release|Any CPU
		{724C0E2A-24EF-4F98-94DF-1FBECBBCCB90}.Release|Any CPU.Build.0 = Release|Any CPU
		{86A16F72-6657-4F72-8417-5074705A6362}.Debug|Any CPU.ActiveCfg = Debug|Any CPU
		{86A16F72-6657-4F72-8417-5074705A6362}.Debug|Any CPU.Build.0 = Debug|Any CPU
		{86A16F72-6657-4F72-8417-5074705A6362}.Release|Any CPU.ActiveCfg = Release|Any CPU
		{86A16F72-6657-4F72-8417-5074705A6362}.Release|Any CPU.Build.0 = Release|Any CPU
		{4C3A3861-1011-43C8-9491-3B458BB19B2B}.Debug|Any CPU.ActiveCfg = Debug|Any CPU
		{4C3A3861-1011-43C8-9491-3B458BB19B2B}.Debug|Any CPU.Build.0 = Debug|Any CPU
		{4C3A3861-1011-43C8-9491-3B458BB19B2B}.Release|Any CPU.ActiveCfg = Release|Any CPU
		{4C3A3861-1011-43C8-9491-3B458BB19B2B}.Release|Any CPU.Build.0 = Release|Any CPU
		{DF38B5FC-1CE1-4C4E-B4F4-A1DA9567BC8C}.Debug|Any CPU.ActiveCfg = Debug|Any CPU
		{DF38B5FC-1CE1-4C4E-B4F4-A1DA9567BC8C}.Debug|Any CPU.Build.0 = Debug|Any CPU
		{DF38B5FC-1CE1-4C4E-B4F4-A1DA9567BC8C}.Release|Any CPU.ActiveCfg = Release|Any CPU
		{DF38B5FC-1CE1-4C4E-B4F4-A1DA9567BC8C}.Release|Any CPU.Build.0 = Release|Any CPU
		{331A7860-B3BF-47BA-BB23-462204AA47E4}.Debug|Any CPU.ActiveCfg = Debug|Any CPU
		{331A7860-B3BF-47BA-BB23-462204AA47E4}.Debug|Any CPU.Build.0 = Debug|Any CPU
		{331A7860-B3BF-47BA-BB23-462204AA47E4}.Release|Any CPU.ActiveCfg = Release|Any CPU
		{331A7860-B3BF-47BA-BB23-462204AA47E4}.Release|Any CPU.Build.0 = Release|Any CPU
		{B5DA38B9-6AC6-4597-BAED-749674A2ECC2}.Debug|Any CPU.ActiveCfg = Debug|Any CPU
		{B5DA38B9-6AC6-4597-BAED-749674A2ECC2}.Debug|Any CPU.Build.0 = Debug|Any CPU
		{B5DA38B9-6AC6-4597-BAED-749674A2ECC2}.Release|Any CPU.ActiveCfg = Release|Any CPU
		{B5DA38B9-6AC6-4597-BAED-749674A2ECC2}.Release|Any CPU.Build.0 = Release|Any CPU
		{7268D976-2518-4FD6-BB44-6E65AA44E9EB}.Debug|Any CPU.ActiveCfg = Debug|Any CPU
		{7268D976-2518-4FD6-BB44-6E65AA44E9EB}.Debug|Any CPU.Build.0 = Debug|Any CPU
		{7268D976-2518-4FD6-BB44-6E65AA44E9EB}.Release|Any CPU.ActiveCfg = Release|Any CPU
		{7268D976-2518-4FD6-BB44-6E65AA44E9EB}.Release|Any CPU.Build.0 = Release|Any CPU
		{5C2F6273-105B-4098-ACB4-7E4B4B5BE13B}.Debug|Any CPU.ActiveCfg = Debug|Any CPU
		{5C2F6273-105B-4098-ACB4-7E4B4B5BE13B}.Debug|Any CPU.Build.0 = Debug|Any CPU
		{5C2F6273-105B-4098-ACB4-7E4B4B5BE13B}.Release|Any CPU.ActiveCfg = Release|Any CPU
		{5C2F6273-105B-4098-ACB4-7E4B4B5BE13B}.Release|Any CPU.Build.0 = Release|Any CPU
	EndGlobalSection
	GlobalSection(NestedProjects) = preSolution
		{7D356D12-B5C0-4FAA-BFA8-A17879B9BCFA} = {0AF9F8CE-2108-46E2-9F01-5F4036F9D82E}
		{E65D0670-078F-4943-B317-F77195CD99E7} = {4493F087-57FA-4569-A449-320266C8ADAE}
		{F4FC2954-8C01-44C2-AB1B-17F6742D953B} = {4493F087-57FA-4569-A449-320266C8ADAE}
		{A3444CBF-EF12-43B8-BEE9-5A02D3D43185} = {1A3B5188-CED3-4402-B26D-BB26446D0145}
		{724C0E2A-24EF-4F98-94DF-1FBECBBCCB90} = {1A3B5188-CED3-4402-B26D-BB26446D0145}
		{86A16F72-6657-4F72-8417-5074705A6362} = {66E55B7C-E53B-4BD0-A15C-F40DFBD2CCBD}
		{4C3A3861-1011-43C8-9491-3B458BB19B2B} = {66E55B7C-E53B-4BD0-A15C-F40DFBD2CCBD}
		{DF38B5FC-1CE1-4C4E-B4F4-A1DA9567BC8C} = {049C3D3F-36EE-4163-AEC7-4E0573885994}
		{331A7860-B3BF-47BA-BB23-462204AA47E4} = {049C3D3F-36EE-4163-AEC7-4E0573885994}
		{B5DA38B9-6AC6-4597-BAED-749674A2ECC2} = {0AF9F8CE-2108-46E2-9F01-5F4036F9D82E}
		{7268D976-2518-4FD6-BB44-6E65AA44E9EB} = {049C3D3F-36EE-4163-AEC7-4E0573885994}
		{5C2F6273-105B-4098-ACB4-7E4B4B5BE13B} = {049C3D3F-36EE-4163-AEC7-4E0573885994}
	EndGlobalSection
EndGlobal
